
Microsoft Visual Studio Solution File, Format Version 12.00
# Visual Studio Version 16
VisualStudioVersion = 16.0.31205.134
MinimumVisualStudioVersion = 10.0.40219.1
Project("{2150E333-8FDC-42A3-9474-1A3956D46DE8}") = "Services", "Services", "{8E1D7121-5A8F-463F-B71A-A5D3387FCBD7}"
EndProject
Project("{2150E333-8FDC-42A3-9474-1A3956D46DE8}") = "Catalog", "Catalog", "{46428CCE-31E5-42BF-B888-053092327492}"
EndProject
Project("{9A19103F-16F7-4668-BE54-9A1E7A4F7556}") = "Catalog.API", "Services\Catalog\Catalog.API\Catalog.API.csproj", "{43C4C0F1-B2DA-4AE5-A1AE-D7D0F4A5E225}"
EndProject
Project("{E53339B2-1760-4266-BCC7-CA923CBCF16C}") = "docker-compose", "docker-compose.dcproj", "{9CBCCA3B-85D3-4DF6-8FD1-B8E4DFFAE6E2}"
EndProject
Project("{2150E333-8FDC-42A3-9474-1A3956D46DE8}") = "Basket", "Basket", "{85403BA5-3F2C-41EC-B385-2F7100A9F52A}"
EndProject
Project("{9A19103F-16F7-4668-BE54-9A1E7A4F7556}") = "Basket.API", "Services\Basket\Basket.API\Basket.API.csproj", "{9EA2209E-181F-41CC-B4DB-8D9371A044ED}"
EndProject
Project("{2150E333-8FDC-42A3-9474-1A3956D46DE8}") = "Discount", "Discount", "{46BBBABE-CA05-4295-8E8F-E7FA6580F631}"
EndProject
Project("{9A19103F-16F7-4668-BE54-9A1E7A4F7556}") = "Discount.API", "services\Discount\Discount.API\Discount.API.csproj", "{76BD3A9D-055C-4954-A3A0-1F8293CC9FEB}"
EndProject
Project("{9A19103F-16F7-4668-BE54-9A1E7A4F7556}") = "Discount.Grpc", "Services\Discount\Discount.Grpc\Discount.Grpc.csproj", "{6582F8BD-7C12-4AF5-A40D-36D3C0024A47}"
EndProject
Project("{2150E333-8FDC-42A3-9474-1A3956D46DE8}") = "Ordering", "Ordering", "{BF1AE5AE-9995-49B0-9634-4896769F54A1}"
EndProject
Project("{9A19103F-16F7-4668-BE54-9A1E7A4F7556}") = "Ordering.API", "Services\Ordering\Ordering.API\Ordering.API.csproj", "{49637CD1-6EED-424D-BD21-D2A116F7565D}"
EndProject
Project("{9A19103F-16F7-4668-BE54-9A1E7A4F7556}") = "Ordering.Domain", "Services\Ordering\Ordering.Domain\Ordering.Domain.csproj", "{97CB4C8A-227B-461D-9E90-3D3C13238E4D}"
EndProject
Project("{9A19103F-16F7-4668-BE54-9A1E7A4F7556}") = "Ordering.Application", "Services\Ordering\Orcering.Application\Ordering.Application.csproj", "{29BF7320-A9DF-4B8E-83A3-D9407A810317}"
EndProject
Project("{9A19103F-16F7-4668-BE54-9A1E7A4F7556}") = "Ordering.Infrastructure", "Services\Ordering\Ordering.Infrastructure\Ordering.Infrastructure.csproj", "{EE4D591A-C6DC-48ED-9F3D-03FBA96C4759}"
EndProject
Project("{2150E333-8FDC-42A3-9474-1A3956D46DE8}") = "BuildingBlocks", "BuildingBlocks", "{720153E4-22F8-435E-BCB9-E7BE15B489DA}"
EndProject
Project("{9A19103F-16F7-4668-BE54-9A1E7A4F7556}") = "EventBus.Message", "BuildingBlocks\EventBus.Message\EventBus.Message.csproj", "{1F837596-236A-4678-A084-C1443BF85122}"
EndProject
Project("{2150E333-8FDC-42A3-9474-1A3956D46DE8}") = "APIGateways", "APIGateways", "{3681F469-A753-4FBE-897C-69CBC13DBC04}"
EndProject
Project("{FAE04EC0-301F-11D3-BF4B-00C04F79EFBC}") = "OcelotApiGW", "..\APIGateways\OcelotApiGW\OcelotApiGW.csproj", "{05A2A320-1881-4B5C-811F-80E1E85C79C2}"
EndProject
Global
	GlobalSection(SolutionConfigurationPlatforms) = preSolution
		Debug|Any CPU = Debug|Any CPU
		Release|Any CPU = Release|Any CPU
	EndGlobalSection
	GlobalSection(ProjectConfigurationPlatforms) = postSolution
		{43C4C0F1-B2DA-4AE5-A1AE-D7D0F4A5E225}.Debug|Any CPU.ActiveCfg = Debug|Any CPU
		{43C4C0F1-B2DA-4AE5-A1AE-D7D0F4A5E225}.Debug|Any CPU.Build.0 = Debug|Any CPU
		{43C4C0F1-B2DA-4AE5-A1AE-D7D0F4A5E225}.Release|Any CPU.ActiveCfg = Release|Any CPU
		{43C4C0F1-B2DA-4AE5-A1AE-D7D0F4A5E225}.Release|Any CPU.Build.0 = Release|Any CPU
		{9CBCCA3B-85D3-4DF6-8FD1-B8E4DFFAE6E2}.Debug|Any CPU.ActiveCfg = Debug|Any CPU
		{9CBCCA3B-85D3-4DF6-8FD1-B8E4DFFAE6E2}.Debug|Any CPU.Build.0 = Debug|Any CPU
		{9CBCCA3B-85D3-4DF6-8FD1-B8E4DFFAE6E2}.Release|Any CPU.ActiveCfg = Release|Any CPU
		{9CBCCA3B-85D3-4DF6-8FD1-B8E4DFFAE6E2}.Release|Any CPU.Build.0 = Release|Any CPU
		{9EA2209E-181F-41CC-B4DB-8D9371A044ED}.Debug|Any CPU.ActiveCfg = Debug|Any CPU
		{9EA2209E-181F-41CC-B4DB-8D9371A044ED}.Debug|Any CPU.Build.0 = Debug|Any CPU
		{9EA2209E-181F-41CC-B4DB-8D9371A044ED}.Release|Any CPU.ActiveCfg = Release|Any CPU
		{9EA2209E-181F-41CC-B4DB-8D9371A044ED}.Release|Any CPU.Build.0 = Release|Any CPU
		{76BD3A9D-055C-4954-A3A0-1F8293CC9FEB}.Debug|Any CPU.ActiveCfg = Debug|Any CPU
		{76BD3A9D-055C-4954-A3A0-1F8293CC9FEB}.Debug|Any CPU.Build.0 = Debug|Any CPU
		{76BD3A9D-055C-4954-A3A0-1F8293CC9FEB}.Release|Any CPU.ActiveCfg = Release|Any CPU
		{76BD3A9D-055C-4954-A3A0-1F8293CC9FEB}.Release|Any CPU.Build.0 = Release|Any CPU
		{6582F8BD-7C12-4AF5-A40D-36D3C0024A47}.Debug|Any CPU.ActiveCfg = Debug|Any CPU
		{6582F8BD-7C12-4AF5-A40D-36D3C0024A47}.Debug|Any CPU.Build.0 = Debug|Any CPU
		{6582F8BD-7C12-4AF5-A40D-36D3C0024A47}.Release|Any CPU.ActiveCfg = Release|Any CPU
		{6582F8BD-7C12-4AF5-A40D-36D3C0024A47}.Release|Any CPU.Build.0 = Release|Any CPU
		{49637CD1-6EED-424D-BD21-D2A116F7565D}.Debug|Any CPU.ActiveCfg = Debug|Any CPU
		{49637CD1-6EED-424D-BD21-D2A116F7565D}.Debug|Any CPU.Build.0 = Debug|Any CPU
		{49637CD1-6EED-424D-BD21-D2A116F7565D}.Release|Any CPU.ActiveCfg = Release|Any CPU
		{49637CD1-6EED-424D-BD21-D2A116F7565D}.Release|Any CPU.Build.0 = Release|Any CPU
		{97CB4C8A-227B-461D-9E90-3D3C13238E4D}.Debug|Any CPU.ActiveCfg = Debug|Any CPU
		{97CB4C8A-227B-461D-9E90-3D3C13238E4D}.Debug|Any CPU.Build.0 = Debug|Any CPU
		{97CB4C8A-227B-461D-9E90-3D3C13238E4D}.Release|Any CPU.ActiveCfg = Release|Any CPU
		{97CB4C8A-227B-461D-9E90-3D3C13238E4D}.Release|Any CPU.Build.0 = Release|Any CPU
		{29BF7320-A9DF-4B8E-83A3-D9407A810317}.Debug|Any CPU.ActiveCfg = Debug|Any CPU
		{29BF7320-A9DF-4B8E-83A3-D9407A810317}.Debug|Any CPU.Build.0 = Debug|Any CPU
		{29BF7320-A9DF-4B8E-83A3-D9407A810317}.Release|Any CPU.ActiveCfg = Release|Any CPU
		{29BF7320-A9DF-4B8E-83A3-D9407A810317}.Release|Any CPU.Build.0 = Release|Any CPU
		{EE4D591A-C6DC-48ED-9F3D-03FBA96C4759}.Debug|Any CPU.ActiveCfg = Debug|Any CPU
		{EE4D591A-C6DC-48ED-9F3D-03FBA96C4759}.Debug|Any CPU.Build.0 = Debug|Any CPU
		{EE4D591A-C6DC-48ED-9F3D-03FBA96C4759}.Release|Any CPU.ActiveCfg = Release|Any CPU
		{EE4D591A-C6DC-48ED-9F3D-03FBA96C4759}.Release|Any CPU.Build.0 = Release|Any CPU
		{1F837596-236A-4678-A084-C1443BF85122}.Debug|Any CPU.ActiveCfg = Debug|Any CPU
		{1F837596-236A-4678-A084-C1443BF85122}.Debug|Any CPU.Build.0 = Debug|Any CPU
		{1F837596-236A-4678-A084-C1443BF85122}.Release|Any CPU.ActiveCfg = Release|Any CPU
		{1F837596-236A-4678-A084-C1443BF85122}.Release|Any CPU.Build.0 = Release|Any CPU
		{05A2A320-1881-4B5C-811F-80E1E85C79C2}.Debug|Any CPU.ActiveCfg = Debug|Any CPU
		{05A2A320-1881-4B5C-811F-80E1E85C79C2}.Debug|Any CPU.Build.0 = Debug|Any CPU
		{05A2A320-1881-4B5C-811F-80E1E85C79C2}.Release|Any CPU.ActiveCfg = Release|Any CPU
		{05A2A320-1881-4B5C-811F-80E1E85C79C2}.Release|Any CPU.Build.0 = Release|Any CPU
	EndGlobalSection
	GlobalSection(SolutionProperties) = preSolution
		HideSolutionNode = FALSE
	EndGlobalSection
	GlobalSection(NestedProjects) = preSolution
		{46428CCE-31E5-42BF-B888-053092327492} = {8E1D7121-5A8F-463F-B71A-A5D3387FCBD7}
		{43C4C0F1-B2DA-4AE5-A1AE-D7D0F4A5E225} = {46428CCE-31E5-42BF-B888-053092327492}
		{85403BA5-3F2C-41EC-B385-2F7100A9F52A} = {8E1D7121-5A8F-463F-B71A-A5D3387FCBD7}
		{9EA2209E-181F-41CC-B4DB-8D9371A044ED} = {85403BA5-3F2C-41EC-B385-2F7100A9F52A}
		{46BBBABE-CA05-4295-8E8F-E7FA6580F631} = {8E1D7121-5A8F-463F-B71A-A5D3387FCBD7}
		{76BD3A9D-055C-4954-A3A0-1F8293CC9FEB} = {46BBBABE-CA05-4295-8E8F-E7FA6580F631}
		{6582F8BD-7C12-4AF5-A40D-36D3C0024A47} = {46BBBABE-CA05-4295-8E8F-E7FA6580F631}
		{BF1AE5AE-9995-49B0-9634-4896769F54A1} = {8E1D7121-5A8F-463F-B71A-A5D3387FCBD7}
		{49637CD1-6EED-424D-BD21-D2A116F7565D} = {BF1AE5AE-9995-49B0-9634-4896769F54A1}
		{97CB4C8A-227B-461D-9E90-3D3C13238E4D} = {BF1AE5AE-9995-49B0-9634-4896769F54A1}
		{29BF7320-A9DF-4B8E-83A3-D9407A810317} = {BF1AE5AE-9995-49B0-9634-4896769F54A1}
		{EE4D591A-C6DC-48ED-9F3D-03FBA96C4759} = {BF1AE5AE-9995-49B0-9634-4896769F54A1}
		{1F837596-236A-4678-A084-C1443BF85122} = {720153E4-22F8-435E-BCB9-E7BE15B489DA}
		{05A2A320-1881-4B5C-811F-80E1E85C79C2} = {3681F469-A753-4FBE-897C-69CBC13DBC04}
	EndGlobalSection
	GlobalSection(ExtensibilityGlobals) = postSolution
		SolutionGuid = {691CDAB4-83BA-4DE1-82AA-C49E44BA2D53}
	EndGlobalSection
EndGlobal
